github.com/petermattis/goid v0.0.0-20241025130422-66cb2e6d7274 h1:qli3BGQK0tYDkSEvZ/FzZTi9ZrOX86Q6CIhKLGc489A=
github.com/petermattis/goid v0.0.0-20241025130422-66cb2e6d7274/go.mod h1:pxMtw7cyUw6B2bRH0ZBANSPg+AoSud1I1iyJHI69jH4=
github.com/petermattis/goid v0.0.0-20250813065127-a731cc31b4fe h1:vHpqOnPlnkba8iSxU4j/CvDSS9J4+F4473esQsYLGoE=
github.com/petermattis/goid v0.0.0-20250813065127-a731cc31b4fe/go.mod h1:pxMtw7cyUw6B2bRH0ZBANSPg+AoSud1I1iyJHI69jH4=
